
Microsoft Visual Studio Solution File, Format Version 12.00
Project("{2150E333-8FDC-42A3-9474-1A3956D46DE8}") = "Domain", "Domain", "{8CF8CEBB-A371-4364-933A-FD4F2289D640}"
EndProject
Project("{2150E333-8FDC-42A3-9474-1A3956D46DE8}") = "Infra.Bus", "Infra.Bus", "{2CB4D737-1456-48B0-82E8-5F65F8932FB2}"
EndProject
Project("{2150E333-8FDC-42A3-9474-1A3956D46DE8}") = "Infra.IoC", "Infra.IoC", "{F0A78518-857C-40D1-893C-EA250EE8FB5E}"
EndProject
Project("{2150E333-8FDC-42A3-9474-1A3956D46DE8}") = "Microservices", "Microservices", "{04DA83D3-89A5-4309-BC39-671526D1439C}"
EndProject
Project("{2150E333-8FDC-42A3-9474-1A3956D46DE8}") = "Presentation", "Presentation", "{33BC518B-0B49-4627-9F1C-806BFBB31157}"
EndProject
Project("{FAE04EC0-301F-11D3-BF4B-00C04F79EFBC}") = "MicroserviceRabbitmq.Domain.Core", "MicroserviceRabbitmq.Domain.Core\MicroserviceRabbitmq.Domain.Core.csproj", "{95FCBD82-4B9D-4849-AED1-B3FD80629A8F}"
EndProject
Project("{FAE04EC0-301F-11D3-BF4B-00C04F79EFBC}") = "MicroserviceRabbitmq.Infra.Bus", "MicroserviceRabbitmq.Infra.Bus\MicroserviceRabbitmq.Infra.Bus.csproj", "{26387271-A2D0-431E-A473-565174F1C539}"
EndProject
Project("{FAE04EC0-301F-11D3-BF4B-00C04F79EFBC}") = "ConsoleApp1", "ConsoleApp1\ConsoleApp1.csproj", "{C98E6234-8F92-4487-98D5-831408252D1F}"
EndProject
Project("{FAE04EC0-301F-11D3-BF4B-00C04F79EFBC}") = "MicroserviceRabbitmq.Infra.IoC", "MicroserviceRabbitmq.Infra.IoC\MicroserviceRabbitmq.Infra.IoC.csproj", "{7C8C25BF-56A5-4780-89F3-1B63E56C755A}"
EndProject
Project("{2150E333-8FDC-42A3-9474-1A3956D46DE8}") = "Banking", "Banking", "{133E3CFD-8BF7-4925-8138-9D9131B98989}"
EndProject
Project("{2150E333-8FDC-42A3-9474-1A3956D46DE8}") = "Api", "Api", "{7918AC89-9203-4511-860F-53A5600E3438}"
EndProject
Project("{2150E333-8FDC-42A3-9474-1A3956D46DE8}") = "Domain", "Domain", "{7013D05A-A489-456B-A7BC-B993044F4FD7}"
EndProject
Project("{2150E333-8FDC-42A3-9474-1A3956D46DE8}") = "Application", "Application", "{AF2C70EB-5352-4C75-8803-CCFEC81D9087}"
EndProject
Project("{2150E333-8FDC-42A3-9474-1A3956D46DE8}") = "Data", "Data", "{095F015C-FF09-4ABB-8EB4-3BD678993F7E}"
EndProject
Project("{FAE04EC0-301F-11D3-BF4B-00C04F79EFBC}") = "MicroserviceRabbitmq.Banking.Application", "MicroserviceRabbitmq.Banking.Application\MicroserviceRabbitmq.Banking.Application.csproj", "{C61BFE11-96CC-42BF-994D-9BC1C85997D4}"
EndProject
Project("{FAE04EC0-301F-11D3-BF4B-00C04F79EFBC}") = "MicroserviceRabbitmq.Banking.Data", "MicroserviceRabbitmq.Banking.Data\MicroserviceRabbitmq.Banking.Data.csproj", "{854596B0-9428-4B8D-A350-0F387E76E2B6}"
EndProject
Project("{FAE04EC0-301F-11D3-BF4B-00C04F79EFBC}") = "MicroserviceRabbitmq.Banking.Domain", "MicroserviceRabbitmq.Banking.Domain\MicroserviceRabbitmq.Banking.Domain.csproj", "{F2C8390B-F6ED-41AC-A010-D3432ED2EE80}"
EndProject
Project("{FAE04EC0-301F-11D3-BF4B-00C04F79EFBC}") = "MicroserviceRabbitmq.Banking.Api", "MicroserviceRabbitmq.Banking.Api\MicroserviceRabbitmq.Banking.Api.csproj", "{DEC50894-AFD8-400D-AC2A-4E64453C957A}"
EndProject
Global
	GlobalSection(SolutionConfigurationPlatforms) = preSolution
		Debug|Any CPU = Debug|Any CPU
		Release|Any CPU = Release|Any CPU
	EndGlobalSection
	GlobalSection(NestedProjects) = preSolution
		{95FCBD82-4B9D-4849-AED1-B3FD80629A8F} = {8CF8CEBB-A371-4364-933A-FD4F2289D640}
		{26387271-A2D0-431E-A473-565174F1C539} = {2CB4D737-1456-48B0-82E8-5F65F8932FB2}
		{7C8C25BF-56A5-4780-89F3-1B63E56C755A} = {F0A78518-857C-40D1-893C-EA250EE8FB5E}
		{133E3CFD-8BF7-4925-8138-9D9131B98989} = {04DA83D3-89A5-4309-BC39-671526D1439C}
		{7918AC89-9203-4511-860F-53A5600E3438} = {133E3CFD-8BF7-4925-8138-9D9131B98989}
		{7013D05A-A489-456B-A7BC-B993044F4FD7} = {133E3CFD-8BF7-4925-8138-9D9131B98989}
		{AF2C70EB-5352-4C75-8803-CCFEC81D9087} = {133E3CFD-8BF7-4925-8138-9D9131B98989}
		{095F015C-FF09-4ABB-8EB4-3BD678993F7E} = {133E3CFD-8BF7-4925-8138-9D9131B98989}
		{C61BFE11-96CC-42BF-994D-9BC1C85997D4} = {AF2C70EB-5352-4C75-8803-CCFEC81D9087}
		{854596B0-9428-4B8D-A350-0F387E76E2B6} = {095F015C-FF09-4ABB-8EB4-3BD678993F7E}
		{F2C8390B-F6ED-41AC-A010-D3432ED2EE80} = {7013D05A-A489-456B-A7BC-B993044F4FD7}
		{DEC50894-AFD8-400D-AC2A-4E64453C957A} = {7918AC89-9203-4511-860F-53A5600E3438}
	EndGlobalSection
	GlobalSection(ProjectConfigurationPlatforms) = postSolution
		{95FCBD82-4B9D-4849-AED1-B3FD80629A8F}.Debug|Any CPU.ActiveCfg = Debug|Any CPU
		{95FCBD82-4B9D-4849-AED1-B3FD80629A8F}.Debug|Any CPU.Build.0 = Debug|Any CPU
		{95FCBD82-4B9D-4849-AED1-B3FD80629A8F}.Release|Any CPU.ActiveCfg = Release|Any CPU
		{95FCBD82-4B9D-4849-AED1-B3FD80629A8F}.Release|Any CPU.Build.0 = Release|Any CPU
		{26387271-A2D0-431E-A473-565174F1C539}.Debug|Any CPU.ActiveCfg = Debug|Any CPU
		{26387271-A2D0-431E-A473-565174F1C539}.Debug|Any CPU.Build.0 = Debug|Any CPU
		{26387271-A2D0-431E-A473-565174F1C539}.Release|Any CPU.ActiveCfg = Release|Any CPU
		{26387271-A2D0-431E-A473-565174F1C539}.Release|Any CPU.Build.0 = Release|Any CPU
		{C98E6234-8F92-4487-98D5-831408252D1F}.Debug|Any CPU.ActiveCfg = Debug|Any CPU
		{C98E6234-8F92-4487-98D5-831408252D1F}.Debug|Any CPU.Build.0 = Debug|Any CPU
		{C98E6234-8F92-4487-98D5-831408252D1F}.Release|Any CPU.ActiveCfg = Release|Any CPU
		{C98E6234-8F92-4487-98D5-831408252D1F}.Release|Any CPU.Build.0 = Release|Any CPU
		{7C8C25BF-56A5-4780-89F3-1B63E56C755A}.Debug|Any CPU.ActiveCfg = Debug|Any CPU
		{7C8C25BF-56A5-4780-89F3-1B63E56C755A}.Debug|Any CPU.Build.0 = Debug|Any CPU
		{7C8C25BF-56A5-4780-89F3-1B63E56C755A}.Release|Any CPU.ActiveCfg = Release|Any CPU
		{7C8C25BF-56A5-4780-89F3-1B63E56C755A}.Release|Any CPU.Build.0 = Release|Any CPU
		{C61BFE11-96CC-42BF-994D-9BC1C85997D4}.Debug|Any CPU.ActiveCfg = Debug|Any CPU
		{C61BFE11-96CC-42BF-994D-9BC1C85997D4}.Debug|Any CPU.Build.0 = Debug|Any CPU
		{C61BFE11-96CC-42BF-994D-9BC1C85997D4}.Release|Any CPU.ActiveCfg = Release|Any CPU
		{C61BFE11-96CC-42BF-994D-9BC1C85997D4}.Release|Any CPU.Build.0 = Release|Any CPU
		{854596B0-9428-4B8D-A350-0F387E76E2B6}.Debug|Any CPU.ActiveCfg = Debug|Any CPU
		{854596B0-9428-4B8D-A350-0F387E76E2B6}.Debug|Any CPU.Build.0 = Debug|Any CPU
		{854596B0-9428-4B8D-A350-0F387E76E2B6}.Release|Any CPU.ActiveCfg = Release|Any CPU
		{854596B0-9428-4B8D-A350-0F387E76E2B6}.Release|Any CPU.Build.0 = Release|Any CPU
		{F2C8390B-F6ED-41AC-A010-D3432ED2EE80}.Debug|Any CPU.ActiveCfg = Debug|Any CPU
		{F2C8390B-F6ED-41AC-A010-D3432ED2EE80}.Debug|Any CPU.Build.0 = Debug|Any CPU
		{F2C8390B-F6ED-41AC-A010-D3432ED2EE80}.Release|Any CPU.ActiveCfg = Release|Any CPU
		{F2C8390B-F6ED-41AC-A010-D3432ED2EE80}.Release|Any CPU.Build.0 = Release|Any CPU
		{DEC50894-AFD8-400D-AC2A-4E64453C957A}.Debug|Any CPU.ActiveCfg = Debug|Any CPU
		{DEC50894-AFD8-400D-AC2A-4E64453C957A}.Debug|Any CPU.Build.0 = Debug|Any CPU
		{DEC50894-AFD8-400D-AC2A-4E64453C957A}.Release|Any CPU.ActiveCfg = Release|Any CPU
		{DEC50894-AFD8-400D-AC2A-4E64453C957A}.Release|Any CPU.Build.0 = Release|Any CPU
	EndGlobalSection
EndGlobal
